
Microsoft Visual Studio Solution File, Format Version 12.00
# Visual Studio Version 16
VisualStudioVersion = 16.0.30011.22
MinimumVisualStudioVersion = 10.0.40219.1
Project("{9A19103F-16F7-4668-BE54-9A1E7A4F7556}") = "TestProject.API", "TestProject.API\TestProject.API.csproj", "{8190B082-2C65-4344-B1EF-E4E7D03EC6B0}"
EndProject
Project("{9A19103F-16F7-4668-BE54-9A1E7A4F7556}") = "TestProject.Core", "TestProject.Core\TestProject.Core.csproj", "{A3C9F348-0072-409B-A35F-5F0C859CFE65}"
EndProject
Project("{9A19103F-16F7-4668-BE54-9A1E7A4F7556}") = "TestProject.Data", "TestProject.Data\TestProject.Data.csproj", "{9D450382-7898-4AA7-B709-C25D0C8FE4B2}"
EndProject
Project("{9A19103F-16F7-4668-BE54-9A1E7A4F7556}") = "TestProject.Service", "TestProject.Service\TestProject.Service.csproj", "{CC021DC3-2CF6-44D7-A6F6-7E6FDE794C4C}"
EndProject
Project("{FAE04EC0-301F-11D3-BF4B-00C04F79EFBC}") = "TestProject.Web", "TestProject.Web\TestProject.Web.csproj", "{7E76E46E-A040-49AC-94C0-E723F8345C3F}"
EndProject
Global
	GlobalSection(SolutionConfigurationPlatforms) = preSolution
		Debug|Any CPU = Debug|Any CPU
		Release|Any CPU = Release|Any CPU
	EndGlobalSection
	GlobalSection(ProjectConfigurationPlatforms) = postSolution
		{8190B082-2C65-4344-B1EF-E4E7D03EC6B0}.Debug|Any CPU.ActiveCfg = Debug|Any CPU
		{8190B082-2C65-4344-B1EF-E4E7D03EC6B0}.Debug|Any CPU.Build.0 = Debug|Any CPU
		{8190B082-2C65-4344-B1EF-E4E7D03EC6B0}.Release|Any CPU.ActiveCfg = Release|Any CPU
		{8190B082-2C65-4344-B1EF-E4E7D03EC6B0}.Release|Any CPU.Build.0 = Release|Any CPU
		{A3C9F348-0072-409B-A35F-5F0C859CFE65}.Debug|Any CPU.ActiveCfg = Debug|Any CPU
		{A3C9F348-0072-409B-A35F-5F0C859CFE65}.Debug|Any CPU.Build.0 = Debug|Any CPU
		{A3C9F348-0072-409B-A35F-5F0C859CFE65}.Release|Any CPU.ActiveCfg = Release|Any CPU
		{A3C9F348-0072-409B-A35F-5F0C859CFE65}.Release|Any CPU.Build.0 = Release|Any CPU
		{9D450382-7898-4AA7-B709-C25D0C8FE4B2}.Debug|Any CPU.ActiveCfg = Debug|Any CPU
		{9D450382-7898-4AA7-B709-C25D0C8FE4B2}.Debug|Any CPU.Build.0 = Debug|Any CPU
		{9D450382-7898-4AA7-B709-C25D0C8FE4B2}.Release|Any CPU.ActiveCfg = Release|Any CPU
		{9D450382-7898-4AA7-B709-C25D0C8FE4B2}.Release|Any CPU.Build.0 = Release|Any CPU
		{CC021DC3-2CF6-44D7-A6F6-7E6FDE794C4C}.Debug|Any CPU.ActiveCfg = Debug|Any CPU
		{CC021DC3-2CF6-44D7-A6F6-7E6FDE794C4C}.Debug|Any CPU.Build.0 = Debug|Any CPU
		{CC021DC3-2CF6-44D7-A6F6-7E6FDE794C4C}.Release|Any CPU.ActiveCfg = Release|Any CPU
		{CC021DC3-2CF6-44D7-A6F6-7E6FDE794C4C}.Release|Any CPU.Build.0 = Release|Any CPU
		{7E76E46E-A040-49AC-94C0-E723F8345C3F}.Debug|Any CPU.ActiveCfg = Debug|Any CPU
		{7E76E46E-A040-49AC-94C0-E723F8345C3F}.Debug|Any CPU.Build.0 = Debug|Any CPU
		{7E76E46E-A040-49AC-94C0-E723F8345C3F}.Release|Any CPU.ActiveCfg = Release|Any CPU
		{7E76E46E-A040-49AC-94C0-E723F8345C3F}.Release|Any CPU.Build.0 = Release|Any CPU
	EndGlobalSection
	GlobalSection(SolutionProperties) = preSolution
		HideSolutionNode = FALSE
	EndGlobalSection
	GlobalSection(ExtensibilityGlobals) = postSolution
		SolutionGuid = {39E528FD-8E9B-4D54-BD69-6A5B178C772A}
	EndGlobalSection
EndGlobal
